// !$*UTF8*$!
{
	archiveVersion = 1;
	classes = {
	};
	objectVersion = 55;
	objects = {

/* Begin PBXBuildFile section */
		66C16A2B273E4FFA00D26946 /* StoriesApp.swift in Sources */ = {isa = PBXBuildFile; fileRef = 66C16A2A273E4FFA00D26946 /* StoriesApp.swift */; };
		66C16A2D273E4FFA00D26946 /* ContentView.swift in Sources */ = {isa = PBXBuildFile; fileRef = 66C16A2C273E4FFA00D26946 /* ContentView.swift */; };
		66C16A2F273E4FFC00D26946 /* Assets.xcassets in Resources */ = {isa = PBXBuildFile; fileRef = 66C16A2E273E4FFC00D26946 /* Assets.xcassets */; };
		66C16A32273E4FFC00D26946 /* Preview Assets.xcassets in Resources */ = {isa = PBXBuildFile; fileRef = 66C16A31273E4FFC00D26946 /* Preview Assets.xcassets */; };
		66C16A3C273E4FFD00D26946 /* StoriesTests.swift in Sources */ = {isa = PBXBuildFile; fileRef = 66C16A3B273E4FFD00D26946 /* StoriesTests.swift */; };
		66C16A46273E4FFD00D26946 /* StoriesUITests.swift in Sources */ = {isa = PBXBuildFile; fileRef = 66C16A45273E4FFD00D26946 /* StoriesUITests.swift */; };
		66C16A48273E4FFD00D26946 /* StoriesUITestsLaunchTests.swift in Sources */ = {isa = PBXBuildFile; fileRef = 66C16A47273E4FFD00D26946 /* StoriesUITestsLaunchTests.swift */; };
/* End PBXBuildFile section */

/* Begin PBXContainerItemProxy section */
		66C16A38273E4FFD00D26946 /* PBXContainerItemProxy */ = {
			isa = PBXContainerItemProxy;
			containerPortal = 66C16A1F273E4FFA00D26946 /* Project object */;
			proxyType = 1;
			remoteGlobalIDString = 66C16A26273E4FFA00D26946;
			remoteInfo = Stories;
		};
		66C16A42273E4FFD00D26946 /* PBXContainerItemProxy */ = {
			isa = PBXContainerItemProxy;
			containerPortal = 66C16A1F273E4FFA00D26946 /* Project object */;
			proxyType = 1;
			remoteGlobalIDString = 66C16A26273E4FFA00D26946;
			remoteInfo = Stories;
		};
/* End PBXContainerItemProxy section */

/* Begin PBXFileReference section */
		66C16A27273E4FFA00D26946 /* Stories.app */ = {isa = PBXFileReference; explicitFileType = wrapper.application; includeInIndex = 0; path = Stories.app; sourceTree = BUILT_PRODUCTS_DIR; };
		66C16A2A273E4FFA00D26946 /* StoriesApp.swift */ = {isa = PBXFileReference; lastKnownFileType = sourcecode.swift; path = StoriesApp.swift; sourceTree = "<group>"; };
		66C16A2C273E4FFA00D26946 /* ContentView.swift */ = {isa = PBXFileReference; lastKnownFileType = sourcecode.swift; path = ContentView.swift; sourceTree = "<group>"; };
		66C16A2E273E4FFC00D26946 /* Assets.xcassets */ = {isa = PBXFileReference; lastKnownFileType = folder.assetcatalog; path = Assets.xcassets; sourceTree = "<group>"; };
		66C16A31273E4FFC00D26946 /* Preview Assets.xcassets */ = {isa = PBXFileReference; lastKnownFileType = folder.assetcatalog; path = "Preview Assets.xcassets"; sourceTree = "<group>"; };
		66C16A37273E4FFD00D26946 /* StoriesTests.xctest */ = {isa = PBXFileReference; explicitFileType = wrapper.cfbundle; includeInIndex = 0; path = StoriesTests.xctest; sourceTree = BUILT_PRODUCTS_DIR; };
		66C16A3B273E4FFD00D26946 /* StoriesTests.swift */ = {isa = PBXFileReference; lastKnownFileType = sourcecode.swift; path = StoriesTests.swift; sourceTree = "<group>"; };
		66C16A41273E4FFD00D26946 /* StoriesUITests.xctest */ = {isa = PBXFileReference; explicitFileType = wrapper.cfbundle; includeInIndex = 0; path = StoriesUITests.xctest; sourceTree = BUILT_PRODUCTS_DIR; };
		66C16A45273E4FFD00D26946 /* StoriesUITests.swift */ = {isa = PBXFileReference; lastKnownFileType = sourcecode.swift; path = StoriesUITests.swift; sourceTree = "<group>"; };
		66C16A47273E4FFD00D26946 /* StoriesUITestsLaunchTests.swift */ = {isa = PBXFileReference; lastKnownFileType = sourcecode.swift; path = StoriesUITestsLaunchTests.swift; sourceTree = "<group>"; };
/* End PBXFileReference section */

/* Begin PBXFrameworksBuildPhase section */
		66C16A24273E4FFA00D26946 /* Frameworks */ = {
			isa = PBXFrameworksBuildPhase;
			buildActionMask = 2147483647;
			files = (
			);
			runOnlyForDeploymentPostprocessing = 0;
		};
		66C16A34273E4FFD00D26946 /* Frameworks */ = {
			isa = PBXFrameworksBuildPhase;
			buildActionMask = 2147483647;
			files = (
			);
			runOnlyForDeploymentPostprocessing = 0;
		};
		66C16A3E273E4FFD00D26946 /* Frameworks */ = {
			isa = PBXFrameworksBuildPhase;
			buildActionMask = 2147483647;
			files = (
			);
			runOnlyForDeploymentPostprocessing = 0;
		};
/* End PBXFrameworksBuildPhase section */

/* Begin PBXGroup section */
		66C16A1E273E4FFA00D26946 = {
			isa = PBXGroup;
			children = (
				66C16A29273E4FFA00D26946 /* Stories */,
				66C16A3A273E4FFD00D26946 /* StoriesTests */,
				66C16A44273E4FFD00D26946 /* StoriesUITests */,
				66C16A28273E4FFA00D26946 /* Products */,
			);
			sourceTree = "<group>";
		};
		66C16A28273E4FFA00D26946 /* Products */ = {
			isa = PBXGroup;
			children = (
				66C16A27273E4FFA00D26946 /* Stories.app */,
				66C16A37273E4FFD00D26946 /* StoriesTests.xctest */,
				66C16A41273E4FFD00D26946 /* StoriesUITests.xctest */,
			);
			name = Products;
			sourceTree = "<group>";
		};
		66C16A29273E4FFA00D26946 /* Stories */ = {
			isa = PBXGroup;
			children = (
				66C16A2A273E4FFA00D26946 /* StoriesApp.swift */,
				66C16A2C273E4FFA00D26946 /* ContentView.swift */,
				66C16A2E273E4FFC00D26946 /* Assets.xcassets */,
				66C16A30273E4FFC00D26946 /* Preview Content */,
			);
			path = Stories;
			sourceTree = "<group>";
		};
		66C16A30273E4FFC00D26946 /* Preview Content */ = {
			isa = PBXGroup;
			children = (
				66C16A31273E4FFC00D26946 /* Preview Assets.xcassets */,
			);
			path = "Preview Content";
			sourceTree = "<group>";
		};
		66C16A3A273E4FFD00D26946 /* StoriesTests */ = {
			isa = PBXGroup;
			children = (
				66C16A3B273E4FFD00D26946 /* StoriesTests.swift */,
			);
			path = StoriesTests;
			sourceTree = "<group>";
		};
		66C16A44273E4FFD00D26946 /* StoriesUITests */ = {
			isa = PBXGroup;
			children = (
				66C16A45273E4FFD00D26946 /* StoriesUITests.swift */,
				66C16A47273E4FFD00D26946 /* StoriesUITestsLaunchTests.swift */,
			);
			path = StoriesUITests;
			sourceTree = "<group>";
		};
/* End PBXGroup section */

/* Begin PBXNativeTarget section */
		66C16A26273E4FFA00D26946 /* Stories */ = {
			isa = PBXNativeTarget;
			buildConfigurationList = 66C16A4B273E4FFD00D26946 /* Build configuration list for PBXNativeTarget "Stories" */;
			buildPhases = (
				66C16A23273E4FFA00D26946 /* Sources */,
				66C16A24273E4FFA00D26946 /* Frameworks */,
				66C16A25273E4FFA00D26946 /* Resources */,
			);
			buildRules = (
			);
			dependencies = (
			);
			name = Stories;
			productName = Stories;
			productReference = 66C16A27273E4FFA00D26946 /* Stories.app */;
			productType = "com.apple.product-type.application";
		};
		66C16A36273E4FFD00D26946 /* StoriesTests */ = {
			isa = PBXNativeTarget;
			buildConfigurationList = 66C16A4E273E4FFD00D26946 /* Build configuration list for PBXNativeTarget "StoriesTests" */;
			buildPhases = (
				66C16A33273E4FFD00D26946 /* Sources */,
				66C16A34273E4FFD00D26946 /* Frameworks */,
				66C16A35273E4FFD00D26946 /* Resources */,
			);
			buildRules = (
			);
			dependencies = (
				66C16A39273E4FFD00D26946 /* PBXTargetDependency */,
			);
			name = StoriesTests;
			productName = StoriesTests;
			productReference = 66C16A37273E4FFD00D26946 /* StoriesTests.xctest */;
			productType = "com.apple.product-type.bundle.unit-test";
		};
		66C16A40273E4FFD00D26946 /* StoriesUITests */ = {
			isa = PBXNativeTarget;
			buildConfigurationList = 66C16A51273E4FFD00D26946 /* Build configuration list for PBXNativeTarget "StoriesUITests" */;
			buildPhases = (
				66C16A3D273E4FFD00D26946 /* Sources */,
				66C16A3E273E4FFD00D26946 /* Frameworks */,
				66C16A3F273E4FFD00D26946 /* Resources */,
			);
			buildRules = (
			);
			dependencies = (
				66C16A43273E4FFD00D26946 /* PBXTargetDependency */,
			);
			name = StoriesUITests;
			productName = StoriesUITests;
			productReference = 66C16A41273E4FFD00D26946 /* StoriesUITests.xctest */;
			productType = "com.apple.product-type.bundle.ui-testing";
		};
/* End PBXNativeTarget section */

/* Begin PBXProject section */
		66C16A1F273E4FFA00D26946 /* Project object */ = {
			isa = PBXProject;
			attributes = {
				BuildIndependentTargetsInParallel = 1;
				LastSwiftUpdateCheck = 1310;
				LastUpgradeCheck = 1310;
				TargetAttributes = {
					66C16A26273E4FFA00D26946 = {
						CreatedOnToolsVersion = 13.1;
					};
					66C16A36273E4FFD00D26946 = {
						CreatedOnToolsVersion = 13.1;
						TestTargetID = 66C16A26273E4FFA00D26946;
					};
					66C16A40273E4FFD00D26946 = {
						CreatedOnToolsVersion = 13.1;
						TestTargetID = 66C16A26273E4FFA00D26946;
					};
				};
			};
			buildConfigurationList = 66C16A22273E4FFA00D26946 /* Build configuration list for PBXProject "Stories" */;
			compatibilityVersion = "Xcode 13.0";
			developmentRegion = en;
			hasScannedForEncodings = 0;
			knownRegions = (
				en,
				Base,
			);
			mainGroup = 66C16A1E273E4FFA00D26946;
			productRefGroup = 66C16A28273E4FFA00D26946 /* Products */;
			projectDirPath = "";
			projectRoot = "";
			targets = (
				66C16A26273E4FFA00D26946 /* Stories */,
				66C16A36273E4FFD00D26946 /* StoriesTests */,
				66C16A40273E4FFD00D26946 /* StoriesUITests */,
			);
		};
/* End PBXProject section */

/* Begin PBXResourcesBuildPhase section */
		66C16A25273E4FFA00D26946 /* Resources */ = {
			isa = PBXResourcesBuildPhase;
			buildActionMask = 2147483647;
			files = (
				66C16A32273E4FFC00D26946 /* Preview Assets.xcassets in Resources */,
				66C16A2F273E4FFC00D26946 /* Assets.xcassets in Resources */,
			);
			runOnlyForDeploymentPostprocessing = 0;
		};
		66C16A35273E4FFD00D26946 /* Resources */ = {
			isa = PBXResourcesBuildPhase;
			buildActionMask = 2147483647;
			files = (
			);
			runOnlyForDeploymentPostprocessing = 0;
		};
		66C16A3F273E4FFD00D26946 /* Resources */ = {
			isa = PBXResourcesBuildPhase;
			buildActionMask = 2147483647;
			files = (
			);
			runOnlyForDeploymentPostprocessing = 0;
		};
/* End PBXResourcesBuildPhase section */

/* Begin PBXSourcesBuildPhase section */
		66C16A23273E4FFA00D26946 /* Sources */ = {
			isa = PBXSourcesBuildPhase;
			buildActionMask = 2147483647;
			files = (
				66C16A2D273E4FFA00D26946 /* ContentView.swift in Sources */,
				66C16A2B273E4FFA00D26946 /* StoriesApp.swift in Sources */,
			);
			runOnlyForDeploymentPostprocessing = 0;
		};
		66C16A33273E4FFD00D26946 /* Sources */ = {
			isa = PBXSourcesBuildPhase;
			buildActionMask = 2147483647;
			files = (
				66C16A3C273E4FFD00D26946 /* StoriesTests.swift in Sources */,
			);
			runOnlyForDeploymentPostprocessing = 0;
		};
		66C16A3D273E4FFD00D26946 /* Sources */ = {
			isa = PBXSourcesBuildPhase;
			buildActionMask = 2147483647;
			files = (
				66C16A48273E4FFD00D26946 /* StoriesUITestsLaunchTests.swift in Sources */,
				66C16A46273E4FFD00D26946 /* StoriesUITests.swift in Sources */,
			);
			runOnlyForDeploymentPostprocessing = 0;
		};
/* End PBXSourcesBuildPhase section */

/* Begin PBXTargetDependency section */
		66C16A39273E4FFD00D26946 /* PBXTargetDependency */ = {
			isa = PBXTargetDependency;
			target = 66C16A26273E4FFA00D26946 /* Stories */;
			targetProxy = 66C16A38273E4FFD00D26946 /* PBXContainerItemProxy */;
		};
		66C16A43273E4FFD00D26946 /* PBXTargetDependency */ = {
			isa = PBXTargetDependency;
			target = 66C16A26273E4FFA00D26946 /* Stories */;
			targetProxy = 66C16A42273E4FFD00D26946 /* PBXContainerItemProxy */;
		};
/* End PBXTargetDependency section */

/* Begin XCBuildConfiguration section */
		66C16A49273E4FFD00D26946 /* Debug */ = {
			isa = XCBuildConfiguration;
			buildSettings = {
				ALWAYS_SEARCH_USER_PATHS = NO;
				CLANG_ANALYZER_NONNULL = YES;
				CLANG_ANALYZER_NUMBER_OBJECT_CONVERSION = YES_AGGRESSIVE;
				CLANG_CXX_LANGUAGE_STANDARD = "gnu++17";
				CLANG_CXX_LIBRARY = "libc++";
				CLANG_ENABLE_MODULES = YES;
				CLANG_ENABLE_OBJC_ARC = YES;
				CLANG_ENABLE_OBJC_WEAK = YES;
				CLANG_WARN_BLOCK_CAPTURE_AUTORELEASING = YES;
				CLANG_WARN_BOOL_CONVERSION = YES;
				CLANG_WARN_COMMA = YES;
				CLANG_WARN_CONSTANT_CONVERSION = YES;
				CLANG_WARN_DEPRECATED_OBJC_IMPLEMENTATIONS = YES;
				CLANG_WARN_DIRECT_OBJC_ISA_USAGE = YES_ERROR;
				CLANG_WARN_DOCUMENTATION_COMMENTS = YES;
				CLANG_WARN_EMPTY_BODY = YES;
				CLANG_WARN_ENUM_CONVERSION = YES;
				CLANG_WARN_INFINITE_RECURSION = YES;
				CLANG_WARN_INT_CONVERSION = YES;
				CLANG_WARN_NON_LITERAL_NULL_CONVERSION = YES;
				CLANG_WARN_OBJC_IMPLICIT_RETAIN_SELF = YES;
				CLANG_WARN_OBJC_LITERAL_CONVERSION = YES;
				CLANG_WARN_OBJC_ROOT_CLASS = YES_ERROR;
				CLANG_WARN_QUOTED_INCLUDE_IN_FRAMEWORK_HEADER = YES;
				CLANG_WARN_RANGE_LOOP_ANALYSIS = YES;
				CLANG_WARN_STRICT_PROTOTYPES = YES;
				CLANG_WARN_SUSPICIOUS_MOVE = YES;
				CLANG_WARN_UNGUARDED_AVAILABILITY = YES_AGGRESSIVE;
				CLANG_WARN_UNREACHABLE_CODE = YES;
				CLANG_WARN__DUPLICATE_METHOD_MATCH = YES;
				COPY_PHASE_STRIP = NO;
				DEBUG_INFORMATION_FORMAT = dwarf;
				ENABLE_STRICT_OBJC_MSGSEND = YES;
				ENABLE_TESTABILITY = YES;
				GCC_C_LANGUAGE_STANDARD = gnu11;
				GCC_DYNAMIC_NO_PIC = NO;
				GCC_NO_COMMON_BLOCKS = YES;
				GCC_OPTIMIZATION_LEVEL = 0;
				GCC_PREPROCESSOR_DEFINITIONS = (
					"DEBUG=1",
					"$(inherited)",
				);
				GCC_WARN_64_TO_32_BIT_CONVERSION = YES;
				GCC_WARN_ABOUT_RETURN_TYPE = YES_ERROR;
				GCC_WARN_UNDECLARED_SELECTOR = YES;
				GCC_WARN_UNINITIALIZED_AUTOS = YES_AGGRESSIVE;
				GCC_WARN_UNUSED_FUNCTION = YES;
				GCC_WARN_UNUSED_VARIABLE = YES;
				IPHONEOS_DEPLOYMENT_TARGET = 15.0;
				MTL_ENABLE_DEBUG_INFO = INCLUDE_SOURCE;
				MTL_FAST_MATH = YES;
				ONLY_ACTIVE_ARCH = YES;
				SDKROOT = iphoneos;
				SWIFT_ACTIVE_COMPILATION_CONDITIONS = DEBUG;
				SWIFT_OPTIMIZATION_LEVEL = "-Onone";
			};
			name = Debug;
		};
		66C16A4A273E4FFD00D26946 /* Release */ = {
			isa = XCBuildConfiguration;
			buildSettings = {
				ALWAYS_SEARCH_USER_PATHS = NO;
				CLANG_ANALYZER_NONNULL = YES;
				CLANG_ANALYZER_NUMBER_OBJECT_CONVERSION = YES_AGGRESSIVE;
				CLANG_CXX_LANGUAGE_STANDARD = "gnu++17";
				CLANG_CXX_LIBRARY = "libc++";
				CLANG_ENABLE_MODULES = YES;
				CLANG_ENABLE_OBJC_ARC = YES;
				CLANG_ENABLE_OBJC_WEAK = YES;
				CLANG_WARN_BLOCK_CAPTURE_AUTORELEASING = YES;
				CLANG_WARN_BOOL_CONVERSION = YES;
				CLANG_WARN_COMMA = YES;
				CLANG_WARN_CONSTANT_CONVERSION = YES;
				CLANG_WARN_DEPRECATED_OBJC_IMPLEMENTATIONS = YES;
				CLANG_WARN_DIRECT_OBJC_ISA_USAGE = YES_ERROR;
				CLANG_WARN_DOCUMENTATION_COMMENTS = YES;
				CLANG_WARN_EMPTY_BODY = YES;
				CLANG_WARN_ENUM_CONVERSION = YES;
				CLANG_WARN_INFINITE_RECURSION = YES;
				CLANG_WARN_INT_CONVERSION = YES;
				CLANG_WARN_NON_LITERAL_NULL_CONVERSION = YES;
				CLANG_WARN_OBJC_IMPLICIT_RETAIN_SELF = YES;
				CLANG_WARN_OBJC_LITERAL_CONVERSION = YES;
				CLANG_WARN_OBJC_ROOT_CLASS = YES_ERROR;
				CLANG_WARN_QUOTED_INCLUDE_IN_FRAMEWORK_HEADER = YES;
				CLANG_WARN_RANGE_LOOP_ANALYSIS = YES;
				CLANG_WARN_STRICT_PROTOTYPES = YES;
				CLANG_WARN_SUSPICIOUS_MOVE = YES;
				CLANG_WARN_UNGUARDED_AVAILABILITY = YES_AGGRESSIVE;
				CLANG_WARN_UNREACHABLE_CODE = YES;
				CLANG_WARN__DUPLICATE_METHOD_MATCH = YES;
				COPY_PHASE_STRIP = NO;
				DEBUG_INFORMATION_FORMAT = "dwarf-with-dsym";
				ENABLE_NS_ASSERTIONS = NO;
				ENABLE_STRICT_OBJC_MSGSEND = YES;
				GCC_C_LANGUAGE_STANDARD = gnu11;
				GCC_NO_COMMON_BLOCKS = YES;
				GCC_WARN_64_TO_32_BIT_CONVERSION = YES;
				GCC_WARN_ABOUT_RETURN_TYPE = YES_ERROR;
				GCC_WARN_UNDECLARED_SELECTOR = YES;
				GCC_WARN_UNINITIALIZED_AUTOS = YES_AGGRESSIVE;
				GCC_WARN_UNUSED_FUNCTION = YES;
				GCC_WARN_UNUSED_VARIABLE = YES;
				IPHONEOS_DEPLOYMENT_TARGET = 15.0;
				MTL_ENABLE_DEBUG_INFO = NO;
				MTL_FAST_MATH = YES;
				SDKROOT = iphoneos;
				SWIFT_COMPILATION_MODE = wholemodule;
				SWIFT_OPTIMIZATION_LEVEL = "-O";
				VALIDATE_PRODUCT = YES;
			};
			name = Release;
		};
		66C16A4C273E4FFD00D26946 /* Debug */ = {
			isa = XCBuildConfiguration;
			buildSettings = {
				ASSETCATALOG_COMPILER_APPICON_NAME = AppIcon;
				ASSETCATALOG_COMPILER_GLOBAL_ACCENT_COLOR_NAME = AccentColor;
				CODE_SIGN_STYLE = Automatic;
				CURRENT_PROJECT_VERSION = 1;
				DEVELOPMENT_ASSET_PATHS = "\"Stories/Preview Content\"";
				DEVELOPMENT_TEAM = BY379PA9L6;
				ENABLE_PREVIEWS = YES;
				GENERATE_INFOPLIST_FILE = YES;
				INFOPLIST_KEY_UIApplicationSceneManifest_Generation = YES;
				INFOPLIST_KEY_UIApplicationSupportsIndirectInputEvents = YES;
				INFOPLIST_KEY_UILaunchScreen_Generation = YES;
				INFOPLIST_KEY_UISupportedInterfaceOrientations_iPad = "UIInterfaceOrientationPortrait UIInterfaceOrientationPortraitUpsideDown UIInterfaceOrientationLandscapeLeft UIInterfaceOrientationLandscapeRight";
				INFOPLIST_KEY_UISupportedInterfaceOrientations_iPhone = "UIInterfaceOrientationPortrait UIInterfaceOrientationLandscapeLeft UIInterfaceOrientationLandscapeRight";
				LD_RUNPATH_SEARCH_PATHS = (
					"$(inherited)",
					"@executable_path/Frameworks",
				);
				MARKETING_VERSION = 1.0;
				PRODUCT_BUNDLE_IDENTIFIER = com.yuhao.chen.Stories;
				PRODUCT_NAME = "$(TARGET_NAME)";
				SWIFT_EMIT_LOC_STRINGS = YES;
				SWIFT_VERSION = 5.0;
				TARGETED_DEVICE_FAMILY = "1,2";
			};
			name = Debug;
		};
		66C16A4D273E4FFD00D26946 /* Release */ = {
			isa = XCBuildConfiguration;
			buildSettings = {
				ASSETCATALOG_COMPILER_APPICON_NAME = AppIcon;
				ASSETCATALOG_COMPILER_GLOBAL_ACCENT_COLOR_NAME = AccentColor;
				CODE_SIGN_STYLE = Automatic;
				CURRENT_PROJECT_VERSION = 1;
				DEVELOPMENT_ASSET_PATHS = "\"Stories/Preview Content\"";
				DEVELOPMENT_TEAM = BY379PA9L6;
				ENABLE_PREVIEWS = YES;
				GENERATE_INFOPLIST_FILE = YES;
				INFOPLIST_KEY_UIApplicationSceneManifest_Generation = YES;
				INFOPLIST_KEY_UIApplicationSupportsIndirectInputEvents = YES;
				INFOPLIST_KEY_UILaunchScreen_Generation = YES;
				INFOPLIST_KEY_UISupportedInterfaceOrientations_iPad = "UIInterfaceOrientationPortrait UIInterfaceOrientationPortraitUpsideDown UIInterfaceOrientationLandscapeLeft UIInterfaceOrientationLandscapeRight";
				INFOPLIST_KEY_UISupportedInterfaceOrientations_iPhone = "UIInterfaceOrientationPortrait UIInterfaceOrientationLandscapeLeft UIInterfaceOrientationLandscapeRight";
				LD_RUNPATH_SEARCH_PATHS = (
					"$(inherited)",
					"@executable_path/Frameworks",
				);
				MARKETING_VERSION = 1.0;
				PRODUCT_BUNDLE_IDENTIFIER = com.yuhao.chen.Stories;
				PRODUCT_NAME = "$(TARGET_NAME)";
				SWIFT_EMIT_LOC_STRINGS = YES;
				SWIFT_VERSION = 5.0;
				TARGETED_DEVICE_FAMILY = "1,2";
			};
			name = Release;
		};
		66C16A4F273E4FFD00D26946 /* Debug */ = {
			isa = XCBuildConfiguration;
			buildSettings = {
				ALWAYS_EMBED_SWIFT_STANDARD_LIBRARIES = YES;
				BUNDLE_LOADER = "$(TEST_HOST)";
				CODE_SIGN_STYLE = Automatic;
				CURRENT_PROJECT_VERSION = 1;
				DEVELOPMENT_TEAM = BY379PA9L6;
				GENERATE_INFOPLIST_FILE = YES;
				IPHONEOS_DEPLOYMENT_TARGET = 15.0;
				LD_RUNPATH_SEARCH_PATHS = (
					"$(inherited)",
					"@executable_path/Frameworks",
					"@loader_path/Frameworks",
				);
				MARKETING_VERSION = 1.0;
				PRODUCT_BUNDLE_IDENTIFIER = com.yuhao.chen.StoriesTests;
				PRODUCT_NAME = "$(TARGET_NAME)";
				SWIFT_EMIT_LOC_STRINGS = NO;
				SWIFT_VERSION = 5.0;
				TARGETED_DEVICE_FAMILY = "1,2";
				TEST_HOST = "$(BUILT_PRODUCTS_DIR)/Stories.app/Stories";
			};
			name = Debug;
		};
		66C16A50273E4FFD00D26946 /* Release */ = {
			isa = XCBuildConfiguration;
			buildSettings = {
				ALWAYS_EMBED_SWIFT_STANDARD_LIBRARIES = YES;
				BUNDLE_LOADER = "$(TEST_HOST)";
				CODE_SIGN_STYLE = Automatic;
				CURRENT_PROJECT_VERSION = 1;
				DEVELOPMENT_TEAM = BY379PA9L6;
				GENERATE_INFOPLIST_FILE = YES;
				IPHONEOS_DEPLOYMENT_TARGET = 15.0;
				LD_RUNPATH_SEARCH_PATHS = (
					"$(inherited)",
					"@executable_path/Frameworks",
					"@loader_path/Frameworks",
				);
				MARKETING_VERSION = 1.0;
				PRODUCT_BUNDLE_IDENTIFIER = com.yuhao.chen.StoriesTests;
				PRODUCT_NAME = "$(TARGET_NAME)";
				SWIFT_EMIT_LOC_STRINGS = NO;
				SWIFT_VERSION = 5.0;
				TARGETED_DEVICE_FAMILY = "1,2";
				TEST_HOST = "$(BUILT_PRODUCTS_DIR)/Stories.app/Stories";
			};
			name = Release;
		};
		66C16A52273E4FFD00D26946 /* Debug */ = {
			isa = XCBuildConfiguration;
			buildSettings = {
				ALWAYS_EMBED_SWIFT_STANDARD_LIBRARIES = YES;
				CODE_SIGN_STYLE = Automatic;
				CURRENT_PROJECT_VERSION = 1;
				DEVELOPMENT_TEAM = BY379PA9L6;
				GENERATE_INFOPLIST_FILE = YES;
				LD_RUNPATH_SEARCH_PATHS = (
					"$(inherited)",
					"@executable_path/Frameworks",
					"@loader_path/Frameworks",
				);
				MARKETING_VERSION = 1.0;
				PRODUCT_BUNDLE_IDENTIFIER = com.yuhao.chen.StoriesUITests;
				PRODUCT_NAME = "$(TARGET_NAME)";
				SWIFT_EMIT_LOC_STRINGS = NO;
				SWIFT_VERSION = 5.0;
				TARGETED_DEVICE_FAMILY = "1,2";
				TEST_TARGET_NAME = Stories;
			};
			name = Debug;
		};
		66C16A53273E4FFD00D26946 /* Release */ = {
			isa = XCBuildConfiguration;
			buildSettings = {
				ALWAYS_EMBED_SWIFT_STANDARD_LIBRARIES = YES;
				CODE_SIGN_STYLE = Automatic;
				CURRENT_PROJECT_VERSION = 1;
				DEVELOPMENT_TEAM = BY379PA9L6;
				GENERATE_INFOPLIST_FILE = YES;
				LD_RUNPATH_SEARCH_PATHS = (
					"$(inherited)",
					"@executable_path/Frameworks",
					"@loader_path/Frameworks",
				);
				MARKETING_VERSION = 1.0;
				PRODUCT_BUNDLE_IDENTIFIER = com.yuhao.chen.StoriesUITests;
				PRODUCT_NAME = "$(TARGET_NAME)";
				SWIFT_EMIT_LOC_STRINGS = NO;
				SWIFT_VERSION = 5.0;
				TARGETED_DEVICE_FAMILY = "1,2";
				TEST_TARGET_NAME = Stories;
			};
			name = Release;
		};
/* End XCBuildConfiguration section */

/* Begin XCConfigurationList section */
		66C16A22273E4FFA00D26946 /* Build configuration list for PBXProject "Stories" */ = {
			isa = XCConfigurationList;
			buildConfigurations = (
				66C16A49273E4FFD00D26946 /* Debug */,
				66C16A4A273E4FFD00D26946 /* Release */,
			);
			defaultConfigurationIsVisible = 0;
			defaultConfigurationName = Release;
		};
		66C16A4B273E4FFD00D26946 /* Build configuration list for PBXNativeTarget "Stories" */ = {
			isa = XCConfigurationList;
			buildConfigurations = (
				66C16A4C273E4FFD00D26946 /* Debug */,
				66C16A4D273E4FFD00D26946 /* Release */,
			);
			defaultConfigurationIsVisible = 0;
			defaultConfigurationName = Release;
		};
		66C16A4E273E4FFD00D26946 /* Build configuration list for PBXNativeTarget "StoriesTests" */ = {
			isa = XCConfigurationList;
			buildConfigurations = (
				66C16A4F273E4FFD00D26946 /* Debug */,
				66C16A50273E4FFD00D26946 /* Release */,
			);
			defaultConfigurationIsVisible = 0;
			defaultConfigurationName = Release;
		};
		66C16A51273E4FFD00D26946 /* Build configuration list for PBXNativeTarget "StoriesUITests" */ = {
			isa = XCConfigurationList;
			buildConfigurations = (
				66C16A52273E4FFD00D26946 /* Debug */,
				66C16A53273E4FFD00D26946 /* Release */,
			);
			defaultConfigurationIsVisible = 0;
			defaultConfigurationName = Release;
		};
/* End XCConfigurationList section */
	};
	rootObject = 66C16A1F273E4FFA00D26946 /* Project object */;
}
